
Microsoft Visual Studio Solution File, Format Version 12.00
# Visual Studio Version 17
VisualStudioVersion = 17.0.32112.339
MinimumVisualStudioVersion = 10.0.40219.1
Project("{FAE04EC0-301F-11D3-BF4B-00C04F79EFBC}") = "UI.8466", "UI.8466\UI.8466.csproj", "{4E2BB1BE-C546-46BC-8D86-5234AB217E3B}"
EndProject
Project("{FAE04EC0-301F-11D3-BF4B-00C04F79EFBC}") = "WebService.8466", "WebService.8466\WebService.8466.csproj", "{7B46432D-1363-4A56-83A6-1024F0843D5B}"
EndProject
Project("{FAE04EC0-301F-11D3-BF4B-00C04F79EFBC}") = "Domain.8466", "Domain.8466\Domain.8466.csproj", "{8C67F398-8088-4BAE-9F74-37CCBFBE25EF}"
EndProject
Project("{FAE04EC0-301F-11D3-BF4B-00C04F79EFBC}") = "Application.8466", "Application.8466\Application.8466.csproj", "{A04AA812-5117-43F2-8E47-4B7C1B2A78AF}"
EndProject
Project("{FAE04EC0-301F-11D3-BF4B-00C04F79EFBC}") = "Infrastructure.8466", "Infrastructure.8466\Infrastructure.8466.csproj", "{4C916AF7-FD63-44FF-A93B-995588D59093}"
EndProject
Global
	GlobalSection(SolutionConfigurationPlatforms) = preSolution
		Debug|Any CPU = Debug|Any CPU
		Release|Any CPU = Release|Any CPU
	EndGlobalSection
	GlobalSection(ProjectConfigurationPlatforms) = postSolution
		{4E2BB1BE-C546-46BC-8D86-5234AB217E3B}.Debug|Any CPU.ActiveCfg = Debug|Any CPU
		{4E2BB1BE-C546-46BC-8D86-5234AB217E3B}.Debug|Any CPU.Build.0 = Debug|Any CPU
		{4E2BB1BE-C546-46BC-8D86-5234AB217E3B}.Release|Any CPU.ActiveCfg = Release|Any CPU
		{4E2BB1BE-C546-46BC-8D86-5234AB217E3B}.Release|Any CPU.Build.0 = Release|Any CPU
		{7B46432D-1363-4A56-83A6-1024F0843D5B}.Debug|Any CPU.ActiveCfg = Debug|Any CPU
		{7B46432D-1363-4A56-83A6-1024F0843D5B}.Debug|Any CPU.Build.0 = Debug|Any CPU
		{7B46432D-1363-4A56-83A6-1024F0843D5B}.Release|Any CPU.ActiveCfg = Release|Any CPU
		{7B46432D-1363-4A56-83A6-1024F0843D5B}.Release|Any CPU.Build.0 = Release|Any CPU
		{8C67F398-8088-4BAE-9F74-37CCBFBE25EF}.Debug|Any CPU.ActiveCfg = Debug|Any CPU
		{8C67F398-8088-4BAE-9F74-37CCBFBE25EF}.Debug|Any CPU.Build.0 = Debug|Any CPU
		{8C67F398-8088-4BAE-9F74-37CCBFBE25EF}.Release|Any CPU.ActiveCfg = Release|Any CPU
		{8C67F398-8088-4BAE-9F74-37CCBFBE25EF}.Release|Any CPU.Build.0 = Release|Any CPU
		{A04AA812-5117-43F2-8E47-4B7C1B2A78AF}.Debug|Any CPU.ActiveCfg = Debug|Any CPU
		{A04AA812-5117-43F2-8E47-4B7C1B2A78AF}.Debug|Any CPU.Build.0 = Debug|Any CPU
		{A04AA812-5117-43F2-8E47-4B7C1B2A78AF}.Release|Any CPU.ActiveCfg = Release|Any CPU
		{A04AA812-5117-43F2-8E47-4B7C1B2A78AF}.Release|Any CPU.Build.0 = Release|Any CPU
		{4C916AF7-FD63-44FF-A93B-995588D59093}.Debug|Any CPU.ActiveCfg = Debug|Any CPU
		{4C916AF7-FD63-44FF-A93B-995588D59093}.Debug|Any CPU.Build.0 = Debug|Any CPU
		{4C916AF7-FD63-44FF-A93B-995588D59093}.Release|Any CPU.ActiveCfg = Release|Any CPU
		{4C916AF7-FD63-44FF-A93B-995588D59093}.Release|Any CPU.Build.0 = Release|Any CPU
	EndGlobalSection
	GlobalSection(SolutionProperties) = preSolution
		HideSolutionNode = FALSE
	EndGlobalSection
	GlobalSection(ExtensibilityGlobals) = postSolution
		SolutionGuid = {E4C1AC53-9F09-48FA-81D1-DBE80ABAF0AB}
	EndGlobalSection
EndGlobal
